
Microsoft Visual Studio Solution File, Format Version 12.00
# Visual Studio Version 17
VisualStudioVersion = 17.9.34407.89
MinimumVisualStudioVersion = 10.0.40219.1
Project("{FAE04EC0-301F-11D3-BF4B-00C04F79EFBC}") = "HospitalManagement", "HospitalManagement\HospitalManagement.csproj", "{FF58D04F-0569-402D-A7F3-CD333217B15B}"
EndProject
Global
	GlobalSection(SolutionConfigurationPlatforms) = preSolution
		Debug|Any CPU = Debug|Any CPU
		Release|Any CPU = Release|Any CPU
	EndGlobalSection
	GlobalSection(ProjectConfigurationPlatforms) = postSolution
		{FF58D04F-0569-402D-A7F3-CD333217B15B}.Debug|Any CPU.ActiveCfg = Debug|Any CPU
		{FF58D04F-0569-402D-A7F3-CD333217B15B}.Debug|Any CPU.Build.0 = Debug|Any CPU
		{FF58D04F-0569-402D-A7F3-CD333217B15B}.Release|Any CPU.ActiveCfg = Release|Any CPU
		{FF58D04F-0569-402D-A7F3-CD333217B15B}.Release|Any CPU.Build.0 = Release|Any CPU
	EndGlobalSection
	GlobalSection(SolutionProperties) = preSolution
		HideSolutionNode = FALSE
	EndGlobalSection
	GlobalSection(ExtensibilityGlobals) = postSolution
		SolutionGuid = {D6399FC7-9A3C-46C9-BA40-570476C5E4DC}
	EndGlobalSection
EndGlobal
